{
    "_meta": {
        "hash": {
            "sha256": "f5e18a8537d5c6bc8d299b16ebb7da7ae32323f7d73192c742f78a199ce30a6f"
        },
        "pipfile-spec": 6,
        "requires": {
            "python_version": "3.12"
        },
        "sources": [
            {
                "name": "pip_conf_index_global",
                "url": "https://mirrors.aliyun.com/pypi/simple/",
                "verify_ssl": false
            }
        ]
    },
    "default": {
        "altgraph": {
            "hashes": [
                "sha256:1b5afbb98f6c4dcadb2e2ae6ab9fa994bbb8c1d75f4fa96d340f9437ae454406",
                "sha256:642743b4750de17e655e6711601b077bc6598dbfa3ba5fa2b2a35ce12b508dff"
            ],
            "version": "==0.17.4"
        },
        "colorthief": {
            "hashes": [
                "sha256:079cb0c95bdd669c4643e2f7494de13b0b6029d5cdbe2d74d5d3c3386bd57221",
                "sha256:b04fc8ce5cf9c888768745e29cb19b7b688d5711af6fba26e8057debabec56b9"
            ],
            "version": "==0.2.1"
        },
        "darkdetect": {
            "hashes": [
                "sha256:a7509ccf517eaad92b31c214f593dbcf138ea8a43b2935406bbd565e15527a85",
                "sha256:b5428e1170263eb5dea44c25dc3895edd75e6f52300986353cd63533fe7df8b1"
            ],
            "markers": "python_version >= '3.6'",
            "version": "==0.8.0"
        },
        "markdown2": {
            "hashes": [
                "sha256:4d502953a4633408b0ab3ec503c5d6984d1b14307e32b325ec7d16ea57524895",
                "sha256:a8ebb7e84b8519c37bf7382b3db600f1798a22c245bfd754a1f87ca8d7ea63b3"
            ],
            "index": "pip_conf_index_global",
            "markers": "python_version >= '3.9' and python_version < '4'",
            "version": "==2.5.3"
        },
        "numpy": {
            "hashes": [
                "sha256:05c076d531e9998e7e694c36e8b349969c56eadd2cdcd07242958489d79a7286",
                "sha256:0d54974f9cf14acf49c60f0f7f4084b6579d24d439453d5fc5805d46a165b542",
                "sha256:11c43995255eb4127115956495f43e9343736edb7fcdb0d973defd9de14cd84f",
                "sha256:188dcbca89834cc2e14eb2f106c96d6d46f200fe0200310fc29089657379c58d",
                "sha256:1974afec0b479e50438fc3648974268f972e2d908ddb6d7fb634598cdb8260a0",
                "sha256:1cf4e5c6a278d620dee9ddeb487dc6a860f9b199eadeecc567f777daace1e9e7",
                "sha256:207a2b8441cc8b6a2a78c9ddc64d00d20c303d79fba08c577752f080c4007ee3",
                "sha256:218f061d2faa73621fa23d6359442b0fc658d5b9a70801373625d958259eaca3",
                "sha256:2aad3c17ed2ff455b8eaafe06bcdae0062a1db77cb99f4b9cbb5f4ecb13c5146",
                "sha256:2fa8fa7697ad1646b5c93de1719965844e004fcad23c91228aca1cf0800044a1",
                "sha256:31504f970f563d99f71a3512d0c01a645b692b12a63630d6aafa0939e52361e6",
                "sha256:3387dd7232804b341165cedcb90694565a6015433ee076c6754775e85d86f1fc",
                "sha256:4ba5054787e89c59c593a4169830ab362ac2bee8a969249dc56e5d7d20ff8df9",
                "sha256:4f92084defa704deadd4e0a5ab1dc52d8ac9e8a8ef617f3fbb853e79b0ea3592",
                "sha256:65ef3468b53269eb5fdb3a5c09508c032b793da03251d5f8722b1194f1790c00",
                "sha256:6f527d8fdb0286fd2fd97a2a96c6be17ba4232da346931d967a0630050dfd298",
                "sha256:7051ee569db5fbac144335e0f3b9c2337e0c8d5c9fee015f259a5bd70772b7e8",
                "sha256:7716e4a9b7af82c06a2543c53ca476fa0b57e4d760481273e09da04b74ee6ee2",
                "sha256:79bd5f0a02aa16808fcbc79a9a376a147cc1045f7dfe44c6e7d53fa8b8a79392",
                "sha256:7a4e84a6283b36632e2a5b56e121961f6542ab886bc9e12f8f9818b3c266bfbb",
                "sha256:8120575cb4882318c791f839a4fd66161a6fa46f3f0a5e613071aae35b5dd8f8",
                "sha256:81413336ef121a6ba746892fad881a83351ee3e1e4011f52e97fba79233611fd",
                "sha256:8146f3550d627252269ac42ae660281d673eb6f8b32f113538e0cc2a9aed42b9",
                "sha256:879cf3a9a2b53a4672a168c21375166171bc3932b7e21f622201811c43cdd3b0",
                "sha256:892c10d6a73e0f14935c31229e03325a7b3093fafd6ce0af704be7f894d95687",
                "sha256:92bda934a791c01d6d9d8e038363c50918ef7c40601552a58ac84c9613a665bc",
                "sha256:9ba03692a45d3eef66559efe1d1096c4b9b75c0986b5dff5530c378fb8331d4f",
                "sha256:9eeea959168ea555e556b8188da5fa7831e21d91ce031e95ce23747b7609f8a4",
                "sha256:a0258ad1f44f138b791327961caedffbf9612bfa504ab9597157806faa95194a",
                "sha256:a761ba0fa886a7bb33c6c8f6f20213735cb19642c580a931c625ee377ee8bd39",
                "sha256:a7b9084668aa0f64e64bd00d27ba5146ef1c3a8835f3bd912e7a9e01326804c4",
                "sha256:a84eda42bd12edc36eb5b53bbcc9b406820d3353f1994b6cfe453a33ff101775",
                "sha256:ab2939cd5bec30a7430cbdb2287b63151b77cf9624de0532d629c9a1c59b1d5c",
                "sha256:ac0280f1ba4a4bfff363a99a6aceed4f8e123f8a9b234c89140f5e894e452ecd",
                "sha256:adf8c1d66f432ce577d0197dceaac2ac00c0759f573f28516246351c58a85020",
                "sha256:b4adfbbc64014976d2f91084915ca4e626fbf2057fb81af209c1a6d776d23e3d",
                "sha256:bb649f8b207ab07caebba230d851b579a3c8711a851d29efe15008e31bb4de24",
                "sha256:bce43e386c16898b91e162e5baaad90c4b06f9dcbe36282490032cec98dc8ae7",
                "sha256:bd3ad3b0a40e713fc68f99ecfd07124195333f1e689387c180813f0e94309d6f",
                "sha256:c3f7ac96b16955634e223b579a3e5798df59007ca43e8d451a0e6a50f6bfdfba",
                "sha256:cf28633d64294969c019c6df4ff37f5698e8326db68cc2b66576a51fad634880",
                "sha256:d0f35b19894a9e08639fd60a1ec1978cb7f5f7f1eace62f38dd36be8aecdef4d",
                "sha256:db1f1c22173ac1c58db249ae48aa7ead29f534b9a948bc56828337aa84a32ed6",
                "sha256:dbe512c511956b893d2dacd007d955a3f03d555ae05cfa3ff1c1ff6df8851854",
                "sha256:df2f57871a96bbc1b69733cd4c51dc33bea66146b8c63cacbfed73eec0883017",
                "sha256:e2f085ce2e813a50dfd0e01fbfc0c12bbe5d2063d99f8b29da30e544fb6483b8",
                "sha256:e642d86b8f956098b564a45e6f6ce68a22c2c97a04f5acd3f221f57b8cb850ae",
                "sha256:e9e0a277bb2eb5d8a7407e14688b85fd8ad628ee4e0c7930415687b6564207a4",
                "sha256:ea2bb7e2ae9e37d96835b3576a4fa4b3a97592fbea8ef7c3587078b0068b8f09",
                "sha256:ee4d528022f4c5ff67332469e10efe06a267e32f4067dc76bb7e2cddf3cd25ff",
                "sha256:f05d4198c1bacc9124018109c5fba2f3201dbe7ab6e92ff100494f236209c960",
                "sha256:f34dc300df798742b3d06515aa2a0aee20941c13579d7a2f2e10af01ae4901ee",
                "sha256:f4162988a360a29af158aeb4a2f4f09ffed6a969c9776f8f3bdee9b06a8ab7e5",
                "sha256:f486038e44caa08dbd97275a9a35a283a8f1d2f0ee60ac260a1790e76660833c",
                "sha256:f7de08cbe5551911886d1ab60de58448c6df0f67d9feb7d1fb21e9875ef95e91"
            ],
            "markers": "python_version >= '3.10'",
            "version": "==2.2.4"
        },
        "packaging": {
            "hashes": [
                "sha256:09abb1bccd265c01f4a3aa3f7a7db064b36514d2cba19a2f694fe6150451a759",
                "sha256:c228a6dc5e932d346bc5739379109d49e8853dd8223571c7c5b55260edc0b97f"
            ],
            "markers": "python_version >= '3.8'",
            "version": "==24.2"
        },
        "pefile": {
            "hashes": [
                "sha256:82e6114004b3d6911c77c3953e3838654b04511b8b66e8583db70c65998017dc",
                "sha256:da185cd2af68c08a6cd4481f7325ed600a88f6a813bad9dea07ab3ef73d8d8d6"
            ],
            "markers": "python_full_version >= '3.6.0'",
            "version": "==2023.2.7"
        },
        "pillow": {
            "hashes": [
                "sha256:015c6e863faa4779251436db398ae75051469f7c903b043a48f078e437656f83",
                "sha256:0a2f91f8a8b367e7a57c6e91cd25af510168091fb89ec5146003e424e1558a96",
                "sha256:11633d58b6ee5733bde153a8dafd25e505ea3d32e261accd388827ee987baf65",
                "sha256:2062ffb1d36544d42fcaa277b069c88b01bb7298f4efa06731a7fd6cc290b81a",
                "sha256:31eba6bbdd27dde97b0174ddf0297d7a9c3a507a8a1480e1e60ef914fe23d352",
                "sha256:3362c6ca227e65c54bf71a5f88b3d4565ff1bcbc63ae72c34b07bbb1cc59a43f",
                "sha256:368da70808b36d73b4b390a8ffac11069f8a5c85f29eff1f1b01bcf3ef5b2a20",
                "sha256:36ba10b9cb413e7c7dfa3e189aba252deee0602c86c309799da5a74009ac7a1c",
                "sha256:3764d53e09cdedd91bee65c2527815d315c6b90d7b8b79759cc48d7bf5d4f114",
                "sha256:3a5fe20a7b66e8135d7fd617b13272626a28278d0e578c98720d9ba4b2439d49",
                "sha256:3cdcdb0b896e981678eee140d882b70092dac83ac1cdf6b3a60e2216a73f2b91",
                "sha256:4637b88343166249fe8aa94e7c4a62a180c4b3898283bb5d3d2fd5fe10d8e4e0",
                "sha256:4db853948ce4e718f2fc775b75c37ba2efb6aaea41a1a5fc57f0af59eee774b2",
                "sha256:4dd43a78897793f60766563969442020e90eb7847463eca901e41ba186a7d4a5",
                "sha256:54251ef02a2309b5eec99d151ebf5c9904b77976c8abdcbce7891ed22df53884",
                "sha256:54ce1c9a16a9561b6d6d8cb30089ab1e5eb66918cb47d457bd996ef34182922e",
                "sha256:593c5fd6be85da83656b93ffcccc2312d2d149d251e98588b14fbc288fd8909c",
                "sha256:5bb94705aea800051a743aa4874bb1397d4695fb0583ba5e425ee0328757f196",
                "sha256:67cd427c68926108778a9005f2a04adbd5e67c442ed21d95389fe1d595458756",
                "sha256:70ca5ef3b3b1c4a0812b5c63c57c23b63e53bc38e758b37a951e5bc466449861",
                "sha256:73ddde795ee9b06257dac5ad42fcb07f3b9b813f8c1f7f870f402f4dc54b5269",
                "sha256:758e9d4ef15d3560214cddbc97b8ef3ef86ce04d62ddac17ad39ba87e89bd3b1",
                "sha256:7d33d2fae0e8b170b6a6c57400e077412240f6f5bb2a342cf1ee512a787942bb",
                "sha256:7fdadc077553621911f27ce206ffcbec7d3f8d7b50e0da39f10997e8e2bb7f6a",
                "sha256:8000376f139d4d38d6851eb149b321a52bb8893a88dae8ee7d95840431977081",
                "sha256:837060a8599b8f5d402e97197d4924f05a2e0d68756998345c829c33186217b1",
                "sha256:89dbdb3e6e9594d512780a5a1c42801879628b38e3efc7038094430844e271d8",
                "sha256:8c730dc3a83e5ac137fbc92dfcfe1511ce3b2b5d7578315b63dbbb76f7f51d90",
                "sha256:8e275ee4cb11c262bd108ab2081f750db2a1c0b8c12c1897f27b160c8bd57bbc",
                "sha256:9044b5e4f7083f209c4e35aa5dd54b1dd5b112b108648f5c902ad586d4f945c5",
                "sha256:93a18841d09bcdd774dcdc308e4537e1f867b3dec059c131fde0327899734aa1",
                "sha256:9409c080586d1f683df3f184f20e36fb647f2e0bc3988094d4fd8c9f4eb1b3b3",
                "sha256:96f82000e12f23e4f29346e42702b6ed9a2f2fea34a740dd5ffffcc8c539eb35",
                "sha256:9aa9aeddeed452b2f616ff5507459e7bab436916ccb10961c4a382cd3e03f47f",
                "sha256:9ee85f0696a17dd28fbcfceb59f9510aa71934b483d1f5601d1030c3c8304f3c",
                "sha256:a07dba04c5e22824816b2615ad7a7484432d7f540e6fa86af60d2de57b0fcee2",
                "sha256:a3cd561ded2cf2bbae44d4605837221b987c216cff94f49dfeed63488bb228d2",
                "sha256:a697cd8ba0383bba3d2d3ada02b34ed268cb548b369943cd349007730c92bddf",
                "sha256:a76da0a31da6fcae4210aa94fd779c65c75786bc9af06289cd1c184451ef7a65",
                "sha256:a85b653980faad27e88b141348707ceeef8a1186f75ecc600c395dcac19f385b",
                "sha256:a8d65b38173085f24bc07f8b6c505cbb7418009fa1a1fcb111b1f4961814a442",
                "sha256:aa8dd43daa836b9a8128dbe7d923423e5ad86f50a7a14dc688194b7be5c0dea2",
                "sha256:ab8a209b8485d3db694fa97a896d96dd6533d63c22829043fd9de627060beade",
                "sha256:abc56501c3fd148d60659aae0af6ddc149660469082859fa7b066a298bde9482",
                "sha256:ad5db5781c774ab9a9b2c4302bbf0c1014960a0a7be63278d13ae6fdf88126fe",
                "sha256:ae98e14432d458fc3de11a77ccb3ae65ddce70f730e7c76140653048c71bfcbc",
                "sha256:b20be51b37a75cc54c2c55def3fa2c65bb94ba859dde241cd0a4fd302de5ae0a",
                "sha256:b523466b1a31d0dcef7c5be1f20b942919b62fd6e9a9be199d035509cbefc0ec",
                "sha256:b5d658fbd9f0d6eea113aea286b21d3cd4d3fd978157cbf2447a6035916506d3",
                "sha256:b6123aa4a59d75f06e9dd3dac5bf8bc9aa383121bb3dd9a7a612e05eabc9961a",
                "sha256:bd165131fd51697e22421d0e467997ad31621b74bfc0b75956608cb2906dda07",
                "sha256:bf902d7413c82a1bfa08b06a070876132a5ae6b2388e2712aab3a7cbc02205c6",
                "sha256:c12fc111ef090845de2bb15009372175d76ac99969bdf31e2ce9b42e4b8cd88f",
                "sha256:c1eec9d950b6fe688edee07138993e54ee4ae634c51443cfb7c1e7613322718e",
                "sha256:c640e5a06869c75994624551f45e5506e4256562ead981cce820d5ab39ae2192",
                "sha256:cc1331b6d5a6e144aeb5e626f4375f5b7ae9934ba620c0ac6b3e43d5e683a0f0",
                "sha256:cfd5cd998c2e36a862d0e27b2df63237e67273f2fc78f47445b14e73a810e7e6",
                "sha256:d3d8da4a631471dfaf94c10c85f5277b1f8e42ac42bade1ac67da4b4a7359b73",
                "sha256:d44ff19eea13ae4acdaaab0179fa68c0c6f2f45d66a4d8ec1eda7d6cecbcc15f",
                "sha256:dd0052e9db3474df30433f83a71b9b23bd9e4ef1de13d92df21a52c0303b8ab6",
                "sha256:dd0e081319328928531df7a0e63621caf67652c8464303fd102141b785ef9547",
                "sha256:dda60aa465b861324e65a78c9f5cf0f4bc713e4309f83bc387be158b077963d9",
                "sha256:e06695e0326d05b06833b40b7ef477e475d0b1ba3a6d27da1bb48c23209bf457",
                "sha256:e1abe69aca89514737465752b4bcaf8016de61b3be1397a8fc260ba33321b3a8",
                "sha256:e267b0ed063341f3e60acd25c05200df4193e15a4a5807075cd71225a2386e26",
                "sha256:e5449ca63da169a2e6068dd0e2fcc8d91f9558aba89ff6d02121ca8ab11e79e5",
                "sha256:e63e4e5081de46517099dc30abe418122f54531a6ae2ebc8680bcd7096860eab",
                "sha256:f189805c8be5ca5add39e6f899e6ce2ed824e65fb45f3c28cb2841911da19070",
                "sha256:f7955ecf5609dee9442cbface754f2c6e541d9e6eda87fad7f7a989b0bdb9d71",
                "sha256:f86d3a7a9af5d826744fabf4afd15b9dfef44fe69a98541f666f66fbb8d3fef9",
                "sha256:fbd43429d0d7ed6533b25fc993861b8fd512c42d04514a0dd6337fb3ccf22761"
            ],
            "markers": "python_version >= '3.9'",
            "version": "==11.1.0"
        },
        "pyinstaller": {
            "hashes": [
                "sha256:0c271896a3a168f4f91827145702543db9c5427f4c7372a6df8c75925a3ac18a",
                "sha256:0e62d3906309248409f215b386f33afec845214e69cc0f296b93222b26a88f43",
                "sha256:138856a5a503bb69c066377e0a22671b0db063e9cc14d5cf5c798a53561200d3",
                "sha256:1834797be48ce1b26015af68bdeb3c61a6c7500136f04e0fc65e468115dec777",
                "sha256:68f1e4cecf88a6272063977fa2a2c69ad37cf568e5901769d7206d0314c74f47",
                "sha256:83c7f3bde9871b4a6aa71c66a96e8ba5c21668ce711ed97f510b9382d10aac6c",
                "sha256:8e92e9873a616547bbabbb5a3a9843d5f2ab40c3d8b26810acdf0fe257bee4cf",
                "sha256:a2abf5fde31a8b38b6df7939bcef8ac1d0c51e97e25317ce3555cd675259750f",
                "sha256:a69818815c6e0711c727edc30680cb1f81c691b59de35db81a2d9e0ae26a9ef1",
                "sha256:aefe502d55c9cf6aeaed7feba80b5f8491ce43f8f2b5fe2d9aadca3ee5a05bc4",
                "sha256:dac8a27988dbc33cdc34f2046803258bc3f6829de24de52745a5daa22bdba0f1",
                "sha256:fea76fc9b55ffa730fcf90beb897cce4399938460b0b6f40507fbebfc752c753"
            ],
            "index": "pip_conf_index_global",
            "markers": "python_version < '3.14' and python_version >= '3.8'",
            "version": "==6.12.0"
        },
        "pyinstaller-hooks-contrib": {
            "hashes": [
                "sha256:0b2bc7697075de5eb071ff13ef4a156d3beae6c19c7cbdcd70f37978d2013e30",
                "sha256:ccdd41bc30290f725f3e48f4a39985d11855af81d614d167e3021e303acb9102"
            ],
            "markers": "python_version >= '3.8'",
            "version": "==2025.2"
        },
        "pyside6": {
            "hashes": [
                "sha256:0103e5d161696db40d75bfbf4e4b7d4f3372903c1b400c4e3379377b62c50290",
                "sha256:09239d1b808f18efccd3803db874d683917efcdebfdf0e8dec449cf50e74e7aa",
                "sha256:1a176409dd0dd12b72d2c78b776e5051f569071ec52b7aaadd0a5b3333493c24",
                "sha256:846fbccf0b3501eb31cf0791a46e137615efba6ce540da2b426d79fa3e7762c4",
                "sha256:b8f286a1bd143f3b2bdf08367b9362b13f469d26986c25700af9c4c68f79213e"
            ],
            "index": "pip_conf_index_global",
            "markers": "python_version < '3.14' and python_version >= '3.9'",
            "version": "==6.9.0"
        },
        "pyside6-addons": {
            "hashes": [
                "sha256:260a56da59539f476c1635a3ff13591e10f1b04d92155c0617129bc53ca8b5f8",
                "sha256:8cf54065b3d1b4698448fad825378a25c10ef52017d9dff48cead03200636d8d",
                "sha256:98f9ad4b65820736e12d49c18db2e570eac63727407fbb59a62ac753e89dc201",
                "sha256:d8a650644e0b9d1e7a092f6bcd11f25a63706d12f77d442b6ace75d346ab5d30",
                "sha256:fc9dcd63a0ce7565f238cb11c44494435a50eb6cb72b8dbce3b709618989c3dc"
            ],
            "markers": "python_version < '3.14' and python_version >= '3.9'",
            "version": "==6.9.0"
        },
        "pyside6-essentials": {
            "hashes": [
                "sha256:45eaf7f17688d1991f39680dbfd3c41674f3cbb78f278aa10fe0b5f2f31c1989",
                "sha256:69aedfad77119c5bec0005ca31d5620e9bac8ba5ae66c7389160530cfd698ed8",
                "sha256:94a0096d6bb1d3e5cef29ca4a5366d0f229d42480fbb17aa25ad85d72b1b7947",
                "sha256:b18e3e01b507e8a57481fe19792eb373d5f10a23a50702ce540da1435e722f39",
                "sha256:d2dc45536f2269ad111991042e81257124f1cd1c9ed5ea778d7224fd65dc9e2b"
            ],
            "markers": "python_version < '3.14' and python_version >= '3.9'",
            "version": "==6.9.0"
        },
        "pyside6-fluent-widgets": {
            "extras": [
                "full"
            ],
            "hashes": [
                "sha256:0a488c88f7f2571173d715ab09d921ef4c5e33788bb146f85f6accfca5c7b468",
                "sha256:d59b6596d4b7856a5674192546a97af008c4ab9ab575cfde17e965798a9258ec"
            ],
            "version": "==1.7.6"
        },
        "pysidesix-frameless-window": {
            "hashes": [
                "sha256:684c452defecacb380e81a0ef10347d8259517635875433d496f6e4265fd4ecc",
                "sha256:ce6c5da45d0b122e4cb7537482d6c6b7a1fe28fc30117a105515e333eb11f94c"
            ],
            "version": "==0.5.1"
        },
        "pywin32": {
            "hashes": [
                "sha256:06d3420a5155ba65f0b72f2699b5bacf3109f36acbe8923765c22938a69dfc8d",
                "sha256:0728f8b5bca4a2e6638430d18f5a4143d4a9120491aa8c1b5bd1ccba45543256",
                "sha256:0c12d61e0274e0c62acee79e3e503c312426ddd0e8d4899c626cddc1cafe0ff4",
                "sha256:251b7a9367355ccd1a4cd69cd8dd24bd57b29ad83edb2957cfa30f7ed9941efa",
                "sha256:27a30b887afbf05a9cbb05e3ffd43104a9b71ce292f64a635389dbad0ed1cd85",
                "sha256:36e650c5e5e6b29b5d317385b02d20803ddbac5d1031e1f88d20d76676dd103d",
                "sha256:3c7bacf5e24298c86314f03fa20e16558a4e4138fc34615d7de4070c23e65af3",
                "sha256:421f6cd86e84bbb696d54563c48014b12a23ef95a14e0bdba526be756d89f116",
                "sha256:4f32145913a2447736dad62495199a8e280a77a0ca662daa2332acf849f0be48",
                "sha256:4fc888c59b3c0bef905ce7eb7e2106a07712015ea1c8234b703a088d46110e8e",
                "sha256:51cb52c5ec6709f96c3f26e7795b0bf169ee0d8395b2c1d7eb2c029a5008ed51",
                "sha256:55ee87f2f8c294e72ad9d4261ca423022310a6e79fb314a8ca76ab3f493854c6",
                "sha256:5b78d98550ca093a6fe7ab6d71733fbc886e2af9d4876d935e7f6e1cd6577ac9",
                "sha256:6fed4af057039f309263fd3285d7b8042d41507343cd5fa781d98fcc5b90e8bb",
                "sha256:728d08046f3d65b90d4c77f71b6fbb551699e2005cc31bbffd1febd6a08aa698",
                "sha256:73e819c6bed89f44ff1d690498c0a811948f73777e5f97c494c152b850fad478",
                "sha256:742eb905ce2187133a29365b428e6c3b9001d79accdc30aa8969afba1d8470f4",
                "sha256:796ff4426437896550d2981b9c2ac0ffd75238ad9ea2d3bfa67a1abd546d262e",
                "sha256:79cf7e6ddaaf1cd47a9e50cc74b5d770801a9db6594464137b1b86aa91edafcc",
                "sha256:84f4471dbca1887ea3803d8848a1616429ac94a4a8d05f4bc9c5dcfd42ca99c8",
                "sha256:88981dd3cfb07432625b180f49bf4e179fb8cbb5704cd512e38dd63636af7a17",
                "sha256:a5ab5381813b40f264fa3495b98af850098f814a25a63589a8e9eb12560f450c",
                "sha256:c667bcc0a1e6acaca8984eb3e2b6e42696fc035015f99ff8bc6c3db4c09a466a",
                "sha256:c7ea0deabcc324e5b74084b5452003109c592d1aedbe9e9289ed55b26d9b0c7f",
                "sha256:d3ee45adff48e0551d1aa60d2ec066fec006083b791f5c3527c40cd8aefac71f",
                "sha256:f8f25d893c1e1ce2d685ef6d0a481e87c6f510d0f3f117932781f412e0eba31b"
            ],
            "markers": "platform_system == 'Windows'",
            "version": "==310"
        },
        "pywin32-ctypes": {
            "hashes": [
                "sha256:8a1513379d709975552d202d942d9837758905c8d01eb82b8bcc30918929e7b8",
                "sha256:d162dc04946d704503b2edc4d55f3dba5c1d539ead017afa00142c38b9885755"
            ],
            "markers": "python_version >= '3.6'",
            "version": "==0.2.3"
        },
        "pyyaml": {
            "hashes": [
                "sha256:0101357af42f5c9fc7e9acc5c5ab8c3049f50db7425de175b6c7a5959cb6023d",
                "sha256:01179a4a8559ab5de078078f37e5c1a30d76bb88519906844fd7bdea1b7729ff",
                "sha256:0833f8694549e586547b576dcfaba4a6b55b9e96098b36cdc7ebefe667dfed48",
                "sha256:0a9a2848a5b7feac301353437eb7d5957887edbf81d56e903999a75a3d743086",
                "sha256:0ae563b7e3ed5e918cd0184060e28b48b7e672b975bf7c6f4a892cee9d886ada",
                "sha256:0b69e4ce7a131fe56b7e4d770c67429700908fc0752af059838b1cfb41960e4e",
                "sha256:0fe2c1c5401a3a98f06337fed48f57340cf652a685484834b44f5ceeadb772ba",
                "sha256:0ffe8360bab4910ef1b9e87fb812d8bc0a308b0d0eef8c8f44e0254ab3b07133",
                "sha256:11d8f3dd2b9c1207dcaf2ee0bbbfd5991f571186ec9cc78427ba5bd32afae4b5",
                "sha256:17e311b6c678207928d649faa7cb0d7b4c26a0ba73d41e99c4fff6b6c3276484",
                "sha256:1e2120ef853f59c7419231f3bf4e7021f1b936f6ebd222406c3b60212205d2ee",
                "sha256:1eb00dd3344da80264261ab126c95481824669ed9e5ecc82fb2d88b1fce668ee",
                "sha256:1f71ea527786de97d1a0cc0eacd1defc0985dcf6b3f17bb77dcfc8c34bec4dc5",
                "sha256:2086b30215c433c1e480c08c1db8b43c1edd36c59cf43d36b424e6f35fcaf1ad",
                "sha256:23502f431948090f597378482b4812b0caae32c22213aecf3b55325e049a6c68",
                "sha256:24471b829b3bf607e04e88d79542a9d48bb037c2267d7927a874e6c205ca7e9a",
                "sha256:29717114e51c84ddfba879543fb232a6ed60086602313ca38cce623c1d62cfbf",
                "sha256:29b4a67915232f79506211e69943e3102e211c616181ceff0adf34e21b469357",
                "sha256:2e99c6826ffa974fe6e27cdb5ed0021786b03fc98e5ee3c5bfe1fd5015f42b99",
                "sha256:2e9bc8a34797f0621f56160b961d47a088644370f79d34bedc934fb89e3f47dd",
                "sha256:30ec6b9afc17353a9abcff109880edf6e8d5b924eb1eeed7fe9376febc1f9800",
                "sha256:31573d7e161d2f905311f036b12e65c058389b474dbd35740f4880b91e2ca2be",
                "sha256:36d7bf63558843ea2a81de9d0c3e9c56c353b1df8e6c1faaec86df5adedf2e02",
                "sha256:39693e1f8320ae4f43943590b49779ffb98acb81f788220ea932a6b6c51004d8",
                "sha256:3ad2a3decf9aaba3d29c8f537ac4b243e36bef957511b4766cb0057d32b0be85",
                "sha256:3af6b36bc195d741cd5b511810246cad143b99c953b4591e679e194a820d7b7c",
                "sha256:3b1fdb9dc17f5a7677423d508ab4f243a726dea51fa5e70992e59a7411c89d19",
                "sha256:414629800a1ddccd7303471650843fc801801cc579a195d2fe617b5b455409e3",
                "sha256:41e4e3953a79407c794916fa277a82531dd93aad34e29c2a514c2c0c5fe971cc",
                "sha256:43fa96a3ca0d6b1812e01ced1044a003533c47f6ee8aca31724f78e93ccc089a",
                "sha256:459113f2b9cd68881201a3bd1a858ece3281dc0e92ece6e917d23b128f0fcb31",
                "sha256:46e4fae38d00b40a62d32d60f1baa1b9ef33aff28c2aafd96b05d5cc770f1583",
                "sha256:4bf821ccd51e8d5bc1a4021b8bd85a92b498832ac1cd1a53b399f0eb7c1c4258",
                "sha256:50187695423ffe49e2deacb8cd10510bc361faac997de9efef88badc3bb9e2d1",
                "sha256:50bd6560a6df3de59336b9a9086cbdea5aa9eee5361661448ee45c21eeb0da68",
                "sha256:53056b51f111223e603bed1db5367f54596d44cacfa50f07e082a11929612957",
                "sha256:53c5f0749a93e3296078262c9acf632de246241ff2f22bbedfe49d4b55e9bbdd",
                "sha256:54c754cee6937bb9b72d6a16163160dec80b93a43020ac6fc9f13729c030c30b",
                "sha256:58cc18ccbade0c48fb55102aa971a5b4e571e2b22187d083dda33f8708fa4ee7",
                "sha256:5921fd128fbf27ab7c7ad1a566d2cd9557b84ade130743a7c110a55e7dec3b3c",
                "sha256:5ac9328ec4831237bec75defaf839f7d4564be1e6b25ac710bd1a96321cc8317",
                "sha256:5c758cc29713c9166750a30156ca3d90ac2515d5dea3c874377ae8829cf03087",
                "sha256:5d225db5a45f21e78dd9358e58a98702a0302f2659a3c6cd320564b75b86f47c",
                "sha256:60bf91e73354c96754220a9c04a9502c2ad063231cd754b59f8e4511157e32e2",
                "sha256:6395c297d42274772abc367baaa79683958044e5d3835486c16da75d2a694631",
                "sha256:688ba32a1cffef67fd2e9398a2efebaea461578b0923624778664cc1c914db5d",
                "sha256:68ccc6023a3400877818152ad9a1033e3db8625d899c72eacb5a668902e4d652",
                "sha256:6f0f728a88c6eb58a3b762726b965bb6acf12d97f8ea2cb4fecf856a727f9bdc",
                "sha256:6f31c5935310da69ea0efe996a962d488f080312f0eb43beff1717acb5fe9bed",
                "sha256:70b189594dbe54f75ab3a1acec5f1e3faa7e8cf2f1e08d9b561cb41b845f69d5",
                "sha256:728b447d0cedec409ea1a3f0ad1a6cc3cec0a8d086611b45f038a9230a2242f3",
                "sha256:72ffbc5c0cc71877104387548a450f2b7b7c4926b40dc9443e7598fe92aa13d9",
                "sha256:73d8b233309ecd45c33c51cd55aa1be1dcab1799a9e54f6c753d8cab054b8c34",
                "sha256:765029d1cf96e9e761329ee1c20f1ca2de8644e7350a151b198260698b96e30f",
                "sha256:797b4f722ffa07cc8d62053e4cff1486fa6dc094105d13fea7b1de7d8bf71c9e",
                "sha256:7c36280e6fb8385e520936c3cb3b8042851904eba0e58d277dca80a5cfed590b",
                "sha256:7e7401d0de89a9a855c839bc697c079a4af81cf878373abd7dc625847d25cbd8",
                "sha256:7ee3d180d886a3bc50f753b76340f1c314f9e8c507f5b107212112214c3a66fd",
                "sha256:80bab7bfc629882493af4aa31a4cfa43a4c57c83813253626916b8c7ada83476",
                "sha256:826fb4d5ac2c48b9d6e71423def2669d4646c93b6c13612a71b3ac7bb345304b",
                "sha256:82d09873e40955485746739bcb8b4586983670466c23382c19cffecbf1fd8706",
                "sha256:8388ee1976c416731879ac16da0aff3f63b286ffdd57cdeb95f3f2e085687563",
                "sha256:84c39ceec517cd8f01cb144efb08904a32050be51c55b7a59bc7958c8091568d",
                "sha256:8824b5a04a04a047e72eea5cec3bc266db09e35de6bdfe34c9436ac5ee27d237",
                "sha256:88bfe675bb19ae12a9c77c52322a28a8e2a8d3d213fbcfcded5c3f5ca3ead352",
                "sha256:8b9c7197f7cb2738065c481a0461e50ad02f18c78cd75775628afb4d7137fb3b",
                "sha256:8e0a1ebd5c5842595365bf90db3ef7e9a8d6a79c9aedb1d05b675c81c7267fd3",
                "sha256:9056c1ecd25795207ad294bcf39f2db3d845767be0ea6e6a34d856f006006083",
                "sha256:936d68689298c36b53b29f23c6dbb74de12b4ac12ca6cfe0e047bedceea56180",
                "sha256:9426067a10b369474396bf57fdf895b899045a25d1848798844693780b147436",
                "sha256:9b22676e8097e9e22e36d6b7bda33190d0d400f345f23d4065d48f4ca7ae0425",
                "sha256:9c5c0de7ec50d4df88b62f4b019ab7b3bb2883c826a1044268e9afb344c57b17",
                "sha256:a4d3091415f010369ae4ed1fc6b79def9416358877534caf6a0fdd2146c87a3e",
                "sha256:a8786accb172bd8afb8be14490a16625cbc387036876ab6ba70912730faf8e1f",
                "sha256:a9f8c2e67970f13b16084e04f134610fd1d374bf477b17ec1599185cf611d725",
                "sha256:ad0c172fe15beffc32e3a8260f18e6708eb0e15ae82c9b3f80fbe04de0ef5729",
                "sha256:ad206c7f5f08d393b872d3399f597246fdc6ebebff09c5ae5268ac45aebf4f8d",
                "sha256:b0a163f4f84d1e0fe6a07ccad3b02e9b243790b8370ff0408ae5932c50c4d96d",
                "sha256:b0dd9c7497d60126445e79e542ff01351c6b6dc121299d89787f5685b382c626",
                "sha256:b1de10c488d6f02e498eb6956b89081bea31abf3133223c17749e7137734da75",
                "sha256:b408f36eeb4e2be6f802f1be82daf1b578f3de5a51917c6e467aedb46187d827",
                "sha256:bae077a01367e4bf5fddf00fd6c8b743e676385911c7c615e29e1c45ace8813b",
                "sha256:bc2fa7c6b47d6bc618dd7fb02ef6fdedb1090ec036abab80d4681424b84c1183",
                "sha256:bc3c3600fec6c2a719106381d6282061d8c108369cdec58b6f280610eba41e09",
                "sha256:c16522bf91daa4ea9dedc1243b56b5a226357ab98b3133089ca627ef99baae6f",
                "sha256:c70c95198c015b85feafc136515252a261a84561b7b1d51e3384e0655ddf25ab",
                "sha256:ca5136a77e2d64b4cf5106fb940376650ae232c74c09a8ff29dbb1e262495b31",
                "sha256:cc1c1159b3d456576af7a3e4d1ba7e6924cb39de8f67111c735f6fc832082774",
                "sha256:ce826d6ef20b1bc864f0a68340c8b3287705cae2f8b4b1d932177dcc76721725",
                "sha256:d584d9ec91ad65861cc08d42e834324ef890a082e591037abe114850ff7bbc3e",
                "sha256:d6e0f7ee5f8d851b1d91149a3e5074dbf5aacbb63e4b771fcce16508339a856f",
                "sha256:d7fded462629cfa4b685c5416b949ebad6cec74af5e2d42905d41e257e0869f5",
                "sha256:d84a1718ee396f54f3a086ea0a66d8e552b2ab2017ef8b420e92edbc841c352d",
                "sha256:d8e03406cac8513435335dbab54c0d385e4a49e4945d2909a581c83647ca0290",
                "sha256:e10ce637b18caea04431ce14fabcf5c64a1c61ec9c56b071a4b7ca131ca52d44",
                "sha256:e7930a0612e74fcca37019ca851b50d73b5f0c3dab7f3085a7c15d2026118315",
                "sha256:e8e6dd230a158a836cda3cc521fcbedea16f22b16b8cfa8054d0c6cea5d0a531",
                "sha256:ec031d5d2feb36d1d1a24380e4db6d43695f3748343d99434e6f5f9156aaa2ed",
                "sha256:eee36bf4bc11e39e3f17c171f25cdedff3d7c73b148aedc8820257ce2aa56d3b",
                "sha256:ef6107725bd54b262d6dedcc2af448a266975032bc85ef0172c5f059da6325b4",
                "sha256:efdca5630322a10774e8e98e1af481aad470dd62c3170801852d752aa7a783ba",
                "sha256:f07adc282d51aaa528f3141ac1922d16d32fe89413ee59bfb8a73ed689ad3d23",
                "sha256:f09816c047fdb588dddba53d321f1cb8081e38ad2a40ea6a7560a88b7a2f0ea8",
                "sha256:f753120cb8181e736c57ef7636e83f31b9c0d1722c516f7e86cf15b7aa57ff12",
                "sha256:fea4c4310061cd70ef73b39801231b9dc3dc638bb8858e38364b144fbd335a1a",
                "sha256:ff3824dc5261f50c9b0dfb3be22b4567a6f938ccce4587b38952d85fd9e9afe4"
            ],
            "index": "pip_conf_index_global",
            "markers": "python_version >= '3.8'",
            "version": "==6.0.2"
        },
        "ruamel.yaml": {
            "hashes": [
                "sha256:20c86ab29ac2153f80a428e1254a8adf686d3383df04490514ca3b79a362db58",
                "sha256:30f22513ab2301b3d2b577adc121c6471f28734d3d9728581245f1e76468b4f1"
            ],
            "markers": "python_version >= '3.7'",
            "version": "==0.18.10"
        },
        "ruamel.yaml.clib": {
            "hashes": [
                "sha256:040ae85536960525ea62868b642bdb0c2cc6021c9f9d507810c0c604e66f5a7b",
                "sha256:0467c5965282c62203273b838ae77c0d29d7638c8a4e3a1c8bdd3602c10904e4",
                "sha256:0b7e75b4965e1d4690e93021adfcecccbca7d61c7bddd8e22406ef2ff20d74ef",
                "sha256:11f891336688faf5156a36293a9c362bdc7c88f03a8a027c2c1d8e0bcde998e5",
                "sha256:1492a6051dab8d912fc2adeef0e8c72216b24d57bd896ea607cb90bb0c4981d3",
                "sha256:20b0f8dc160ba83b6dcc0e256846e1a02d044e13f7ea74a3d1d56ede4e48c632",
                "sha256:22353049ba4181685023b25b5b51a574bce33e7f51c759371a7422dcae5402a6",
                "sha256:2c59aa6170b990d8d2719323e628aaf36f3bfbc1c26279c0eeeb24d05d2d11c7",
                "sha256:32621c177bbf782ca5a18ba4d7af0f1082a3f6e517ac2a18b3974d4edf349680",
                "sha256:3bc2a80e6420ca8b7d3590791e2dfc709c88ab9152c00eeb511c9875ce5778bf",
                "sha256:3eac5a91891ceb88138c113f9db04f3cebdae277f5d44eaa3651a4f573e6a5da",
                "sha256:4a6679521a58256a90b0d89e03992c15144c5f3858f40d7c18886023d7943db6",
                "sha256:4c8c5d82f50bb53986a5e02d1b3092b03622c02c2eb78e29bec33fd9593bae1a",
                "sha256:4f6f3eac23941b32afccc23081e1f50612bdbe4e982012ef4f5797986828cd01",
                "sha256:5a0e060aace4c24dcaf71023bbd7d42674e3b230f7e7b97317baf1e953e5b519",
                "sha256:6442cb36270b3afb1b4951f060eccca1ce49f3d087ca1ca4563a6eb479cb3de6",
                "sha256:6c8fbb13ec503f99a91901ab46e0b07ae7941cd527393187039aec586fdfd36f",
                "sha256:749c16fcc4a2b09f28843cda5a193e0283e47454b63ec4b81eaa2242f50e4ccd",
                "sha256:7dd5adc8b930b12c8fc5b99e2d535a09889941aa0d0bd06f4749e9a9397c71d2",
                "sha256:811ea1594b8a0fb466172c384267a4e5e367298af6b228931f273b111f17ef52",
                "sha256:932205970b9f9991b34f55136be327501903f7c66830e9760a8ffb15b07f05cd",
                "sha256:943f32bc9dedb3abff9879edc134901df92cfce2c3d5c9348f172f62eb2d771d",
                "sha256:95c3829bb364fdb8e0332c9931ecf57d9be3519241323c5274bd82f709cebc0c",
                "sha256:96777d473c05ee3e5e3c3e999f5d23c6f4ec5b0c38c098b3a5229085f74236c6",
                "sha256:a274fb2cb086c7a3dea4322ec27f4cb5cc4b6298adb583ab0e211a4682f241eb",
                "sha256:a52d48f4e7bf9005e8f0a89209bf9a73f7190ddf0489eee5eb51377385f59f2a",
                "sha256:a606ef75a60ecf3d924613892cc603b154178ee25abb3055db5062da811fd969",
                "sha256:ab007f2f5a87bd08ab1499bdf96f3d5c6ad4dcfa364884cb4549aa0154b13a28",
                "sha256:b82a7c94a498853aa0b272fd5bc67f29008da798d4f93a2f9f289feb8426a58d",
                "sha256:bb43a269eb827806502c7c8efb7ae7e9e9d0573257a46e8e952f4d4caba4f31e",
                "sha256:bc5f1e1c28e966d61d2519f2a3d451ba989f9ea0f2307de7bc45baa526de9e45",
                "sha256:bd0a08f0bab19093c54e18a14a10b4322e1eacc5217056f3c063bd2f59853ce4",
                "sha256:beffaed67936fbbeffd10966a4eb53c402fafd3d6833770516bf7314bc6ffa12",
                "sha256:bf165fef1f223beae7333275156ab2022cffe255dcc51c27f066b4370da81e31",
                "sha256:cf12567a7b565cbf65d438dec6cfbe2917d3c1bdddfce84a9930b7d35ea59642",
                "sha256:d84318609196d6bd6da0edfa25cedfbabd8dbde5140a0a23af29ad4b8f91fb1e",
                "sha256:d85252669dc32f98ebcd5d36768f5d4faeaeaa2d655ac0473be490ecdae3c285",
                "sha256:e143ada795c341b56de9418c58d028989093ee611aa27ffb9b7f609c00d813ed",
                "sha256:e188d2699864c11c36cdfdada94d781fd5d6b0071cd9c427bceb08ad3d7c70e1",
                "sha256:e2f1c3765db32be59d18ab3953f43ab62a761327aafc1594a2a1fbe038b8b8a7",
                "sha256:e5b8daf27af0b90da7bb903a876477a9e6d7270be6146906b276605997c7e9a3",
                "sha256:e7e3736715fbf53e9be2a79eb4db68e4ed857017344d697e8b9749444ae57475",
                "sha256:e8c4ebfcfd57177b572e2040777b8abc537cdef58a2120e830124946aa9b42c5",
                "sha256:f66efbc1caa63c088dead1c4170d148eabc9b80d95fb75b6c92ac0aad2437d76",
                "sha256:fc4b630cd3fa2cf7fce38afa91d7cfe844a9f75d7f0f36393fa98815e911d987",
                "sha256:fd5415dded15c3822597455bc02bcd66e81ef8b7a48cb71a33628fc9fdde39df"
            ],
            "markers": "python_version >= '3.9'",
            "version": "==0.2.12"
        },
        "scipy": {
            "hashes": [
                "sha256:01edfac9f0798ad6b46d9c4c9ca0e0ad23dbf0b1eb70e96adb9fa7f525eff0bf",
                "sha256:03205d57a28e18dfd39f0377d5002725bf1f19a46f444108c29bdb246b6c8a11",
                "sha256:08b57a9336b8e79b305a143c3655cc5bdbe6d5ece3378578888d2afbb51c4e37",
                "sha256:11e7ad32cf184b74380f43d3c0a706f49358b904fa7d5345f16ddf993609184d",
                "sha256:28a0d2c2075946346e4408b211240764759e0fabaeb08d871639b5f3b1aca8a0",
                "sha256:2b871df1fe1a3ba85d90e22742b93584f8d2b8e6124f8372ab15c71b73e428b8",
                "sha256:302093e7dfb120e55515936cb55618ee0b895f8bcaf18ff81eca086c17bd80af",
                "sha256:42dabaaa798e987c425ed76062794e93a243be8f0f20fff6e7a89f4d61cb3d40",
                "sha256:447ce30cee6a9d5d1379087c9e474628dab3db4a67484be1b7dc3196bfb2fac9",
                "sha256:4c6676490ad76d1c2894d77f976144b41bd1a4052107902238047fb6a473e971",
                "sha256:54c462098484e7466362a9f1672d20888f724911a74c22ae35b61f9c5919183d",
                "sha256:597a0c7008b21c035831c39927406c6181bcf8f60a73f36219b69d010aa04737",
                "sha256:5a6fd6eac1ce74a9f77a7fc724080d507c5812d61e72bd5e4c489b042455865e",
                "sha256:5ea7ed46d437fc52350b028b1d44e002646e28f3e8ddc714011aaf87330f2f32",
                "sha256:601881dfb761311045b03114c5fe718a12634e5608c3b403737ae463c9885d53",
                "sha256:62ca1ff3eb513e09ed17a5736929429189adf16d2d740f44e53270cc800ecff1",
                "sha256:69ea6e56d00977f355c0f84eba69877b6df084516c602d93a33812aa04d90a3d",
                "sha256:6a8e34cf4c188b6dd004654f88586d78f95639e48a25dfae9c5e34a6dc34547e",
                "sha256:6d0194c37037707b2afa7a2f2a924cf7bac3dc292d51b6a925e5fcb89bc5c776",
                "sha256:6f223753c6ea76983af380787611ae1291e3ceb23917393079dcc746ba60cfb5",
                "sha256:6f5e296ec63c5da6ba6fa0343ea73fd51b8b3e1a300b0a8cae3ed4b1122c7462",
                "sha256:7cd5b77413e1855351cdde594eca99c1f4a588c2d63711388b6a1f1c01f62274",
                "sha256:869269b767d5ee7ea6991ed7e22b3ca1f22de73ab9a49c44bad338b725603301",
                "sha256:87994da02e73549dfecaed9e09a4f9d58a045a053865679aeb8d6d43747d4df3",
                "sha256:888307125ea0c4466287191e5606a2c910963405ce9671448ff9c81c53f85f58",
                "sha256:92233b2df6938147be6fa8824b8136f29a18f016ecde986666be5f4d686a91a4",
                "sha256:9412f5e408b397ff5641080ed1e798623dbe1ec0d78e72c9eca8992976fa65aa",
                "sha256:9b18aa747da280664642997e65aab1dd19d0c3d17068a04b3fe34e2559196cb9",
                "sha256:9de9d1416b3d9e7df9923ab23cd2fe714244af10b763975bea9e4f2e81cebd27",
                "sha256:a2ec871edaa863e8213ea5df811cd600734f6400b4af272e1c011e69401218e9",
                "sha256:a5080a79dfb9b78b768cebf3c9dcbc7b665c5875793569f48bf0e2b1d7f68f6f",
                "sha256:a8bf5cb4a25046ac61d38f8d3c3426ec11ebc350246a4642f2f315fe95bda655",
                "sha256:b09ae80010f52efddb15551025f9016c910296cf70adbf03ce2a8704f3a5ad20",
                "sha256:b5e025e903b4f166ea03b109bb241355b9c42c279ea694d8864d033727205e65",
                "sha256:bad78d580270a4d32470563ea86c6590b465cb98f83d760ff5b0990cb5518a93",
                "sha256:bae43364d600fdc3ac327db99659dcb79e6e7ecd279a75fe1266669d9a652828",
                "sha256:c4697a10da8f8765bb7c83e24a470da5797e37041edfd77fd95ba3811a47c4fd",
                "sha256:c90ebe8aaa4397eaefa8455a8182b164a6cc1d59ad53f79943f266d99f68687f",
                "sha256:cd58a314d92838f7e6f755c8a2167ead4f27e1fd5c1251fd54289569ef3495ec",
                "sha256:cf72ff559a53a6a6d77bd8eefd12a17995ffa44ad86c77a5df96f533d4e6c6bb",
                "sha256:def751dd08243934c884a3221156d63e15234a3155cf25978b0a668409d45eb6",
                "sha256:e7c68b6a43259ba0aab737237876e5c2c549a031ddb7abc28c7b47f22e202ded",
                "sha256:ecf797d2d798cf7c838c6d98321061eb3e72a74710e6c40540f0e8087e3b499e",
                "sha256:f031846580d9acccd0044efd1a90e6f4df3a6e12b4b6bd694a7bc03a89892b28",
                "sha256:fb530e4794fc8ea76a4a21ccb67dea33e5e0e60f07fc38a49e821e1eae3b71a0",
                "sha256:fe8a9eb875d430d81755472c5ba75e84acc980e4a8f6204d402849234d3017db"
            ],
            "markers": "python_version >= '3.10'",
            "version": "==1.15.2"
        },
        "setuptools": {
            "hashes": [
                "sha256:18fd474d4a82a5f83dac888df697af65afa82dec7323d09c3e37d1f14288da54",
                "sha256:3e386e96793c8702ae83d17b853fb93d3e09ef82ec62722e61da5cd22376dcd8"
            ],
            "markers": "python_version >= '3.9'",
            "version": "==78.1.0"
        },
        "shiboken6": {
            "hashes": [
                "sha256:121ea290ed1afa5ad6abf690b377612693436292b69c61b0f8e10b1f0850f935",
                "sha256:24f53857458881b54798d7e35704611d07f6b6885bcdf80f13a4c8bb485b8df2",
                "sha256:3f585caae5b814a7e23308db0a077355a7dc20c34d58ca4c339ff7625e9a1936",
                "sha256:b61579b90bf9c53ecc174085a69429166dfe57a0b8b894f933d1281af9df6568",
                "sha256:c4d8e3a5907154ac4789e52c77957db95bcf584238c244d7743cb39e9b66dd26"
            ],
            "markers": "python_version < '3.14' and python_version >= '3.9'",
            "version": "==6.9.0"
        }
    },
    "develop": {}
}
